// !$*UTF8*$!
{
	archiveVersion = 1;
	classes = {
	};
	objectVersion = 56;
	objects = {

/* Begin PBXBuildFile section */
		3E0C13BC2C7BC8E500DED3EF /* NumericTextField.swift in Sources */ = {isa = PBXBuildFile; fileRef = 3E0C13BB2C7BC8E500DED3EF /* NumericTextField.swift */; };
		3E1855C02C78FC42001861B4 /* ResponseGetVoiceSettings.swift in Sources */ = {isa = PBXBuildFile; fileRef = 3E1855BF2C78FC42001861B4 /* ResponseGetVoiceSettings.swift */; };
		3E1855C32C78FDE3001861B4 /* Frame.swift in Sources */ = {isa = PBXBuildFile; fileRef = 3E1855C22C78FDE3001861B4 /* Frame.swift */; };
		3E1D91642C7914E000331448 /* RPC.swift in Sources */ = {isa = PBXBuildFile; fileRef = 3E1D91632C7914E000331448 /* RPC.swift */; };
		3E1D91672C79150800331448 /* Socket in Frameworks */ = {isa = PBXBuildFile; productRef = 3E1D91662C79150800331448 /* Socket */; };
		3E1D91692C79160300331448 /* Constants.swift in Sources */ = {isa = PBXBuildFile; fileRef = 3E1D91682C79160300331448 /* Constants.swift */; };
		3E1D916C2C7919E100331448 /* RPCError.swift in Sources */ = {isa = PBXBuildFile; fileRef = 3E1D916B2C7919E100331448 /* RPCError.swift */; };
		3E1D91832C791F5900331448 /* Coding.swift in Sources */ = {isa = PBXBuildFile; fileRef = 3E1D91822C791F5900331448 /* Coding.swift */; };
		3E1D91852C791F9F00331448 /* Socket.swift in Sources */ = {isa = PBXBuildFile; fileRef = 3E1D91842C791F9F00331448 /* Socket.swift */; };
		3E1D91872C7920B300331448 /* EventError.swift in Sources */ = {isa = PBXBuildFile; fileRef = 3E1D91862C7920B300331448 /* EventError.swift */; };
		3E1D91892C79215E00331448 /* Utils.swift in Sources */ = {isa = PBXBuildFile; fileRef = 3E1D91882C79215E00331448 /* Utils.swift */; };
		3E1D918B2C7921A200331448 /* Handlers.swift in Sources */ = {isa = PBXBuildFile; fileRef = 3E1D918A2C7921A200331448 /* Handlers.swift */; };
		3E1D91942C7921E800331448 /* EventClose.swift in Sources */ = {isa = PBXBuildFile; fileRef = 3E1D918D2C7921E800331448 /* EventClose.swift */; };
		3E1D91962C7921E800331448 /* EventReady.swift in Sources */ = {isa = PBXBuildFile; fileRef = 3E1D918F2C7921E800331448 /* EventReady.swift */; };
		3E1D919A2C79221400331448 /* User.swift in Sources */ = {isa = PBXBuildFile; fileRef = 3E1D91992C79221400331448 /* User.swift */; };
		3E1D919D2C79225E00331448 /* CommandError.swift in Sources */ = {isa = PBXBuildFile; fileRef = 3E1D919C2C79225E00331448 /* CommandError.swift */; };
		3E1D919F2C79238D00331448 /* NonceError.swift in Sources */ = {isa = PBXBuildFile; fileRef = 3E1D919E2C79238D00331448 /* NonceError.swift */; };
		3E1D91A12C7925AA00331448 /* HTTPError.swift in Sources */ = {isa = PBXBuildFile; fileRef = 3E1D91A02C7925AA00331448 /* HTTPError.swift */; };
		3E1D91A32C79384700331448 /* Commands.swift in Sources */ = {isa = PBXBuildFile; fileRef = 3E1D91A22C79384700331448 /* Commands.swift */; };
		3E1D91A92C79387400331448 /* ResponseAuthenticate.swift in Sources */ = {isa = PBXBuildFile; fileRef = 3E1D91A52C79387400331448 /* ResponseAuthenticate.swift */; };
		3E1D91AA2C79387400331448 /* ResponseUnsubscribe.swift in Sources */ = {isa = PBXBuildFile; fileRef = 3E1D91A62C79387400331448 /* ResponseUnsubscribe.swift */; };
		3E1D91AB2C79387400331448 /* ResponseSubscribe.swift in Sources */ = {isa = PBXBuildFile; fileRef = 3E1D91A72C79387400331448 /* ResponseSubscribe.swift */; };
		3E1D91AC2C79387400331448 /* ResponseAuthorize.swift in Sources */ = {isa = PBXBuildFile; fileRef = 3E1D91A82C79387400331448 /* ResponseAuthorize.swift */; };
		3E1D91B32C79388E00331448 /* RequestSubscribe.swift in Sources */ = {isa = PBXBuildFile; fileRef = 3E1D91AE2C79388E00331448 /* RequestSubscribe.swift */; };
		3E1D91B42C79388E00331448 /* RequestHandshake.swift in Sources */ = {isa = PBXBuildFile; fileRef = 3E1D91AF2C79388E00331448 /* RequestHandshake.swift */; };
		3E1D91B52C79388E00331448 /* RequestAuthorize.swift in Sources */ = {isa = PBXBuildFile; fileRef = 3E1D91B02C79388E00331448 /* RequestAuthorize.swift */; };
		3E1D91B62C79388E00331448 /* RequestAuthenticate.swift in Sources */ = {isa = PBXBuildFile; fileRef = 3E1D91B12C79388E00331448 /* RequestAuthenticate.swift */; };
		3E1D91B72C79388E00331448 /* RequestUnsubscribe.swift in Sources */ = {isa = PBXBuildFile; fileRef = 3E1D91B22C79388E00331448 /* RequestUnsubscribe.swift */; };
		3E2AE76B2C7A2C540003D244 /* EventVoiceConnectionStatus.swift in Sources */ = {isa = PBXBuildFile; fileRef = 3E2AE76A2C7A2C540003D244 /* EventVoiceConnectionStatus.swift */; };
		3E2AE76D2C7A309C0003D244 /* MuteStateHandler.swift in Sources */ = {isa = PBXBuildFile; fileRef = 3E2AE76C2C7A309C0003D244 /* MuteStateHandler.swift */; };
		3E45C9C72C7939AB000750ED /* RequestError.swift in Sources */ = {isa = PBXBuildFile; fileRef = 3E45C9C62C7939AB000750ED /* RequestError.swift */; };
		3E45C9CA2C793A66000750ED /* AccessToken.swift in Sources */ = {isa = PBXBuildFile; fileRef = 3E45C9C92C793A66000750ED /* AccessToken.swift */; };
		3E45C9CC2C793A7F000750ED /* RPCToken.swift in Sources */ = {isa = PBXBuildFile; fileRef = 3E45C9CB2C793A7F000750ED /* RPCToken.swift */; };
		3E45C9EA2C7942A3000750ED /* AudioInputController.swift in Sources */ = {isa = PBXBuildFile; fileRef = 3E45C9E92C7942A3000750ED /* AudioInputController.swift */; };
		3E45C9EC2C794CC1000750ED /* Controls.swift in Sources */ = {isa = PBXBuildFile; fileRef = 3E45C9EB2C794CC1000750ED /* Controls.swift */; };
		3E45C9EF2C7993A5000750ED /* AuthenticationController.swift in Sources */ = {isa = PBXBuildFile; fileRef = 3E45C9EE2C7993A5000750ED /* AuthenticationController.swift */; };
		3E8D370E2C799C91008C4EB7 /* Main.storyboard in Resources */ = {isa = PBXBuildFile; fileRef = 3E8D370C2C799C91008C4EB7 /* Main.storyboard */; };
		3E9ED3462C78F18B00FB4370 /* AppDelegate.swift in Sources */ = {isa = PBXBuildFile; fileRef = 3E9ED3452C78F18B00FB4370 /* AppDelegate.swift */; };
		3E9ED3482C78F18B00FB4370 /* ViewController.swift in Sources */ = {isa = PBXBuildFile; fileRef = 3E9ED3472C78F18B00FB4370 /* ViewController.swift */; };
		3E9ED34A2C78F18C00FB4370 /* Assets.xcassets in Resources */ = {isa = PBXBuildFile; fileRef = 3E9ED3492C78F18C00FB4370 /* Assets.xcassets */; };
		3EAC48582C7A92AF00B03795 /* PreferencesWindowDelegate.swift in Sources */ = {isa = PBXBuildFile; fileRef = 3EAC48572C7A92AF00B03795 /* PreferencesWindowDelegate.swift */; };
		3EC4C95B2C7BF41B00DD4AEF /* RPCEvents.swift in Sources */ = {isa = PBXBuildFile; fileRef = 3EC4C95A2C7BF41B00DD4AEF /* RPCEvents.swift */; };
/* End PBXBuildFile section */

/* Begin PBXFileReference section */
		3E0C13BB2C7BC8E500DED3EF /* NumericTextField.swift */ = {isa = PBXFileReference; lastKnownFileType = sourcecode.swift; path = NumericTextField.swift; sourceTree = "<group>"; };
		3E1855BF2C78FC42001861B4 /* ResponseGetVoiceSettings.swift */ = {isa = PBXFileReference; lastKnownFileType = sourcecode.swift; path = ResponseGetVoiceSettings.swift; sourceTree = "<group>"; };
		3E1855C22C78FDE3001861B4 /* Frame.swift */ = {isa = PBXFileReference; lastKnownFileType = sourcecode.swift; path = Frame.swift; sourceTree = "<group>"; };
		3E1D91632C7914E000331448 /* RPC.swift */ = {isa = PBXFileReference; lastKnownFileType = sourcecode.swift; path = RPC.swift; sourceTree = "<group>"; };
		3E1D91682C79160300331448 /* Constants.swift */ = {isa = PBXFileReference; lastKnownFileType = sourcecode.swift; path = Constants.swift; sourceTree = "<group>"; };
		3E1D916B2C7919E100331448 /* RPCError.swift */ = {isa = PBXFileReference; lastKnownFileType = sourcecode.swift; path = RPCError.swift; sourceTree = "<group>"; };
		3E1D91822C791F5900331448 /* Coding.swift */ = {isa = PBXFileReference; lastKnownFileType = sourcecode.swift; path = Coding.swift; sourceTree = "<group>"; };
		3E1D91842C791F9F00331448 /* Socket.swift */ = {isa = PBXFileReference; lastKnownFileType = sourcecode.swift; path = Socket.swift; sourceTree = "<group>"; };
		3E1D91862C7920B300331448 /* EventError.swift */ = {isa = PBXFileReference; fileEncoding = 4; lastKnownFileType = sourcecode.swift; path = EventError.swift; sourceTree = "<group>"; };
		3E1D91882C79215E00331448 /* Utils.swift */ = {isa = PBXFileReference; lastKnownFileType = sourcecode.swift; path = Utils.swift; sourceTree = "<group>"; };
		3E1D918A2C7921A200331448 /* Handlers.swift */ = {isa = PBXFileReference; lastKnownFileType = sourcecode.swift; path = Handlers.swift; sourceTree = "<group>"; };
		3E1D918D2C7921E800331448 /* EventClose.swift */ = {isa = PBXFileReference; fileEncoding = 4; lastKnownFileType = sourcecode.swift; path = EventClose.swift; sourceTree = "<group>"; };
		3E1D918F2C7921E800331448 /* EventReady.swift */ = {isa = PBXFileReference; fileEncoding = 4; lastKnownFileType = sourcecode.swift; path = EventReady.swift; sourceTree = "<group>"; };
		3E1D91992C79221400331448 /* User.swift */ = {isa = PBXFileReference; fileEncoding = 4; lastKnownFileType = sourcecode.swift; path = User.swift; sourceTree = "<group>"; };
		3E1D919C2C79225E00331448 /* CommandError.swift */ = {isa = PBXFileReference; lastKnownFileType = sourcecode.swift; path = CommandError.swift; sourceTree = "<group>"; };
		3E1D919E2C79238D00331448 /* NonceError.swift */ = {isa = PBXFileReference; lastKnownFileType = sourcecode.swift; path = NonceError.swift; sourceTree = "<group>"; };
		3E1D91A02C7925AA00331448 /* HTTPError.swift */ = {isa = PBXFileReference; lastKnownFileType = sourcecode.swift; path = HTTPError.swift; sourceTree = "<group>"; };
		3E1D91A22C79384700331448 /* Commands.swift */ = {isa = PBXFileReference; lastKnownFileType = sourcecode.swift; path = Commands.swift; sourceTree = "<group>"; };
		3E1D91A52C79387400331448 /* ResponseAuthenticate.swift */ = {isa = PBXFileReference; fileEncoding = 4; lastKnownFileType = sourcecode.swift; path = ResponseAuthenticate.swift; sourceTree = "<group>"; };
		3E1D91A62C79387400331448 /* ResponseUnsubscribe.swift */ = {isa = PBXFileReference; fileEncoding = 4; lastKnownFileType = sourcecode.swift; path = ResponseUnsubscribe.swift; sourceTree = "<group>"; };
		3E1D91A72C79387400331448 /* ResponseSubscribe.swift */ = {isa = PBXFileReference; fileEncoding = 4; lastKnownFileType = sourcecode.swift; path = ResponseSubscribe.swift; sourceTree = "<group>"; };
		3E1D91A82C79387400331448 /* ResponseAuthorize.swift */ = {isa = PBXFileReference; fileEncoding = 4; lastKnownFileType = sourcecode.swift; path = ResponseAuthorize.swift; sourceTree = "<group>"; };
		3E1D91AE2C79388E00331448 /* RequestSubscribe.swift */ = {isa = PBXFileReference; fileEncoding = 4; lastKnownFileType = sourcecode.swift; path = RequestSubscribe.swift; sourceTree = "<group>"; };
		3E1D91AF2C79388E00331448 /* RequestHandshake.swift */ = {isa = PBXFileReference; fileEncoding = 4; lastKnownFileType = sourcecode.swift; path = RequestHandshake.swift; sourceTree = "<group>"; };
		3E1D91B02C79388E00331448 /* RequestAuthorize.swift */ = {isa = PBXFileReference; fileEncoding = 4; lastKnownFileType = sourcecode.swift; path = RequestAuthorize.swift; sourceTree = "<group>"; };
		3E1D91B12C79388E00331448 /* RequestAuthenticate.swift */ = {isa = PBXFileReference; fileEncoding = 4; lastKnownFileType = sourcecode.swift; path = RequestAuthenticate.swift; sourceTree = "<group>"; };
		3E1D91B22C79388E00331448 /* RequestUnsubscribe.swift */ = {isa = PBXFileReference; fileEncoding = 4; lastKnownFileType = sourcecode.swift; path = RequestUnsubscribe.swift; sourceTree = "<group>"; };
		3E2AE76A2C7A2C540003D244 /* EventVoiceConnectionStatus.swift */ = {isa = PBXFileReference; lastKnownFileType = sourcecode.swift; path = EventVoiceConnectionStatus.swift; sourceTree = "<group>"; };
		3E2AE76C2C7A309C0003D244 /* MuteStateHandler.swift */ = {isa = PBXFileReference; lastKnownFileType = sourcecode.swift; path = MuteStateHandler.swift; sourceTree = "<group>"; };
		3E45C9C62C7939AB000750ED /* RequestError.swift */ = {isa = PBXFileReference; lastKnownFileType = sourcecode.swift; path = RequestError.swift; sourceTree = "<group>"; };
		3E45C9C92C793A66000750ED /* AccessToken.swift */ = {isa = PBXFileReference; lastKnownFileType = sourcecode.swift; path = AccessToken.swift; sourceTree = "<group>"; };
		3E45C9CB2C793A7F000750ED /* RPCToken.swift */ = {isa = PBXFileReference; lastKnownFileType = sourcecode.swift; path = RPCToken.swift; sourceTree = "<group>"; };
		3E45C9E92C7942A3000750ED /* AudioInputController.swift */ = {isa = PBXFileReference; lastKnownFileType = sourcecode.swift; path = AudioInputController.swift; sourceTree = "<group>"; };
		3E45C9EB2C794CC1000750ED /* Controls.swift */ = {isa = PBXFileReference; lastKnownFileType = sourcecode.swift; path = Controls.swift; sourceTree = "<group>"; };
		3E45C9ED2C7959A7000750ED /* Info.plist */ = {isa = PBXFileReference; lastKnownFileType = text.plist; path = Info.plist; sourceTree = "<group>"; };
		3E45C9EE2C7993A5000750ED /* AuthenticationController.swift */ = {isa = PBXFileReference; lastKnownFileType = sourcecode.swift; path = AuthenticationController.swift; sourceTree = "<group>"; };
		3E8D370D2C799C91008C4EB7 /* Base */ = {isa = PBXFileReference; lastKnownFileType = file.storyboard; name = Base; path = Base.lproj/Main.storyboard; sourceTree = "<group>"; };
		3E9ED3422C78F18B00FB4370 /* AirMute.app */ = {isa = PBXFileReference; explicitFileType = wrapper.application; includeInIndex = 0; path = AirMute.app; sourceTree = BUILT_PRODUCTS_DIR; };
		3E9ED3452C78F18B00FB4370 /* AppDelegate.swift */ = {isa = PBXFileReference; lastKnownFileType = sourcecode.swift; path = AppDelegate.swift; sourceTree = "<group>"; };
		3E9ED3472C78F18B00FB4370 /* ViewController.swift */ = {isa = PBXFileReference; lastKnownFileType = sourcecode.swift; path = ViewController.swift; sourceTree = "<group>"; };
		3E9ED3492C78F18C00FB4370 /* Assets.xcassets */ = {isa = PBXFileReference; lastKnownFileType = folder.assetcatalog; path = Assets.xcassets; sourceTree = "<group>"; };
		3E9ED34E2C78F18C00FB4370 /* AirMute.entitlements */ = {isa = PBXFileReference; lastKnownFileType = text.plist.entitlements; path = AirMute.entitlements; sourceTree = "<group>"; };
		3EAC48572C7A92AF00B03795 /* PreferencesWindowDelegate.swift */ = {isa = PBXFileReference; lastKnownFileType = sourcecode.swift; path = PreferencesWindowDelegate.swift; sourceTree = "<group>"; };
		3EC4C95A2C7BF41B00DD4AEF /* RPCEvents.swift */ = {isa = PBXFileReference; lastKnownFileType = sourcecode.swift; path = RPCEvents.swift; sourceTree = "<group>"; };
/* End PBXFileReference section */

/* Begin PBXFrameworksBuildPhase section */
		3E9ED33F2C78F18B00FB4370 /* Frameworks */ = {
			isa = PBXFrameworksBuildPhase;
			buildActionMask = 2147483647;
			files = (
				3E1D91672C79150800331448 /* Socket in Frameworks */,
			);
			runOnlyForDeploymentPostprocessing = 0;
		};
/* End PBXFrameworksBuildPhase section */

/* Begin PBXGroup section */
		3E0C13BD2C7BC90700DED3EF /* Responses */ = {
			isa = PBXGroup;
			children = (
				3E1855BF2C78FC42001861B4 /* ResponseGetVoiceSettings.swift */,
			);
			path = Responses;
			sourceTree = "<group>";
		};
		3E1855C12C78FDDD001861B4 /* Types */ = {
			isa = PBXGroup;
			children = (
				3EAC48572C7A92AF00B03795 /* PreferencesWindowDelegate.swift */,
				3E0C13BB2C7BC8E500DED3EF /* NumericTextField.swift */,
			);
			path = Types;
			sourceTree = "<group>";
		};
		3E1D91622C7914CC00331448 /* RPC */ = {
			isa = PBXGroup;
			children = (
				3E0C13BD2C7BC90700DED3EF /* Responses */,
				3E1D91912C7921E800331448 /* Events */,
				3E1D916A2C79161400331448 /* Types */,
				3E1D91632C7914E000331448 /* RPC.swift */,
				3E1D91842C791F9F00331448 /* Socket.swift */,
				3E1D91882C79215E00331448 /* Utils.swift */,
				3E1D918A2C7921A200331448 /* Handlers.swift */,
				3E1D91A22C79384700331448 /* Commands.swift */,
			);
			path = RPC;
			sourceTree = "<group>";
		};
		3E1D916A2C79161400331448 /* Types */ = {
			isa = PBXGroup;
			children = (
				3E1855C22C78FDE3001861B4 /* Frame.swift */,
				3E1D91AD2C79387C00331448 /* Requests */,
				3E1D91A42C79386200331448 /* Responses */,
				3E1D919B2C79223900331448 /* Errors */,
				3E1D91992C79221400331448 /* User.swift */,
				3E1D91682C79160300331448 /* Constants.swift */,
				3E1D91822C791F5900331448 /* Coding.swift */,
				3E45C9C92C793A66000750ED /* AccessToken.swift */,
				3E45C9CB2C793A7F000750ED /* RPCToken.swift */,
			);
			path = Types;
			sourceTree = "<group>";
		};
		3E1D91912C7921E800331448 /* Events */ = {
			isa = PBXGroup;
			children = (
				3E1D918D2C7921E800331448 /* EventClose.swift */,
				3E1D918F2C7921E800331448 /* EventReady.swift */,
				3E2AE76A2C7A2C540003D244 /* EventVoiceConnectionStatus.swift */,
			);
			path = Events;
			sourceTree = "<group>";
		};
		3E1D919B2C79223900331448 /* Errors */ = {
			isa = PBXGroup;
			children = (
				3E1D91862C7920B300331448 /* EventError.swift */,
				3E1D916B2C7919E100331448 /* RPCError.swift */,
				3E1D919C2C79225E00331448 /* CommandError.swift */,
				3E1D919E2C79238D00331448 /* NonceError.swift */,
				3E1D91A02C7925AA00331448 /* HTTPError.swift */,
				3E45C9C62C7939AB000750ED /* RequestError.swift */,
			);
			path = Errors;
			sourceTree = "<group>";
		};
		3E1D91A42C79386200331448 /* Responses */ = {
			isa = PBXGroup;
			children = (
				3E1D91A52C79387400331448 /* ResponseAuthenticate.swift */,
				3E1D91A82C79387400331448 /* ResponseAuthorize.swift */,
				3E1D91A72C79387400331448 /* ResponseSubscribe.swift */,
				3E1D91A62C79387400331448 /* ResponseUnsubscribe.swift */,
			);
			path = Responses;
			sourceTree = "<group>";
		};
		3E1D91AD2C79387C00331448 /* Requests */ = {
			isa = PBXGroup;
			children = (
				3E1D91B12C79388E00331448 /* RequestAuthenticate.swift */,
				3E1D91B02C79388E00331448 /* RequestAuthorize.swift */,
				3E1D91AF2C79388E00331448 /* RequestHandshake.swift */,
				3E1D91AE2C79388E00331448 /* RequestSubscribe.swift */,
				3E1D91B22C79388E00331448 /* RequestUnsubscribe.swift */,
			);
			path = Requests;
			sourceTree = "<group>";
		};
		3E9ED3392C78F18B00FB4370 = {
			isa = PBXGroup;
			children = (
				3E9ED3442C78F18B00FB4370 /* AirMute */,
				3E9ED3432C78F18B00FB4370 /* Products */,
			);
			sourceTree = "<group>";
		};
		3E9ED3432C78F18B00FB4370 /* Products */ = {
			isa = PBXGroup;
			children = (
				3E9ED3422C78F18B00FB4370 /* AirMute.app */,
			);
			name = Products;
			sourceTree = "<group>";
		};
		3E9ED3442C78F18B00FB4370 /* AirMute */ = {
			isa = PBXGroup;
			children = (
				3E1D91622C7914CC00331448 /* RPC */,
				3E1855C12C78FDDD001861B4 /* Types */,
				3E45C9E92C7942A3000750ED /* AudioInputController.swift */,
				3E45C9EE2C7993A5000750ED /* AuthenticationController.swift */,
				3E9ED3452C78F18B00FB4370 /* AppDelegate.swift */,
				3E9ED3472C78F18B00FB4370 /* ViewController.swift */,
				3E2AE76C2C7A309C0003D244 /* MuteStateHandler.swift */,
				3EC4C95A2C7BF41B00DD4AEF /* RPCEvents.swift */,
				3E9ED3492C78F18C00FB4370 /* Assets.xcassets */,
				3E9ED34E2C78F18C00FB4370 /* AirMute.entitlements */,
				3E8D370C2C799C91008C4EB7 /* Main.storyboard */,
				3E45C9EB2C794CC1000750ED /* Controls.swift */,
				3E45C9ED2C7959A7000750ED /* Info.plist */,
			);
			path = AirMute;
			sourceTree = "<group>";
		};
/* End PBXGroup section */

/* Begin PBXNativeTarget section */
		3E9ED3412C78F18B00FB4370 /* AirMute */ = {
			isa = PBXNativeTarget;
			buildConfigurationList = 3E9ED3512C78F18C00FB4370 /* Build configuration list for PBXNativeTarget "AirMute" */;
			buildPhases = (
				3E9ED33E2C78F18B00FB4370 /* Sources */,
				3E9ED33F2C78F18B00FB4370 /* Frameworks */,
				3E9ED3402C78F18B00FB4370 /* Resources */,
			);
			buildRules = (
			);
			dependencies = (
			);
			name = AirMute;
			packageProductDependencies = (
				3E1D91662C79150800331448 /* Socket */,
			);
			productName = AirMute;
			productReference = 3E9ED3422C78F18B00FB4370 /* AirMute.app */;
			productType = "com.apple.product-type.application";
		};
/* End PBXNativeTarget section */

/* Begin PBXProject section */
		3E9ED33A2C78F18B00FB4370 /* Project object */ = {
			isa = PBXProject;
			attributes = {
				BuildIndependentTargetsInParallel = 1;
				LastSwiftUpdateCheck = 1540;
				LastUpgradeCheck = 1540;
				TargetAttributes = {
					3E9ED3412C78F18B00FB4370 = {
						CreatedOnToolsVersion = 15.4;
					};
				};
			};
			buildConfigurationList = 3E9ED33D2C78F18B00FB4370 /* Build configuration list for PBXProject "AirMute" */;
			compatibilityVersion = "Xcode 14.0";
			developmentRegion = en;
			hasScannedForEncodings = 0;
			knownRegions = (
				en,
				Base,
			);
			mainGroup = 3E9ED3392C78F18B00FB4370;
			packageReferences = (
				3E1D91652C79150800331448 /* XCRemoteSwiftPackageReference "BlueSocket" */,
			);
			productRefGroup = 3E9ED3432C78F18B00FB4370 /* Products */;
			projectDirPath = "";
			projectRoot = "";
			targets = (
				3E9ED3412C78F18B00FB4370 /* AirMute */,
			);
		};
/* End PBXProject section */

/* Begin PBXResourcesBuildPhase section */
		3E9ED3402C78F18B00FB4370 /* Resources */ = {
			isa = PBXResourcesBuildPhase;
			buildActionMask = 2147483647;
			files = (
				3E9ED34A2C78F18C00FB4370 /* Assets.xcassets in Resources */,
				3E8D370E2C799C91008C4EB7 /* Main.storyboard in Resources */,
			);
			runOnlyForDeploymentPostprocessing = 0;
		};
/* End PBXResourcesBuildPhase section */

/* Begin PBXSourcesBuildPhase section */
		3E9ED33E2C78F18B00FB4370 /* Sources */ = {
			isa = PBXSourcesBuildPhase;
			buildActionMask = 2147483647;
			files = (
				3E1D91B32C79388E00331448 /* RequestSubscribe.swift in Sources */,
				3E1D91AA2C79387400331448 /* ResponseUnsubscribe.swift in Sources */,
				3E9ED3482C78F18B00FB4370 /* ViewController.swift in Sources */,
				3E1D91B42C79388E00331448 /* RequestHandshake.swift in Sources */,
				3E9ED3462C78F18B00FB4370 /* AppDelegate.swift in Sources */,
				3E1D919F2C79238D00331448 /* NonceError.swift in Sources */,
				3E1D91942C7921E800331448 /* EventClose.swift in Sources */,
				3E1D91B62C79388E00331448 /* RequestAuthenticate.swift in Sources */,
				3E45C9CA2C793A66000750ED /* AccessToken.swift in Sources */,
				3EC4C95B2C7BF41B00DD4AEF /* RPCEvents.swift in Sources */,
				3E1D91832C791F5900331448 /* Coding.swift in Sources */,
				3E1D91AC2C79387400331448 /* ResponseAuthorize.swift in Sources */,
				3E1D91962C7921E800331448 /* EventReady.swift in Sources */,
				3E1D91A12C7925AA00331448 /* HTTPError.swift in Sources */,
				3E1D91B52C79388E00331448 /* RequestAuthorize.swift in Sources */,
				3E45C9EC2C794CC1000750ED /* Controls.swift in Sources */,
				3E45C9CC2C793A7F000750ED /* RPCToken.swift in Sources */,
				3E1D91892C79215E00331448 /* Utils.swift in Sources */,
				3E1D91AB2C79387400331448 /* ResponseSubscribe.swift in Sources */,
				3E1D91B72C79388E00331448 /* RequestUnsubscribe.swift in Sources */,
				3E1D918B2C7921A200331448 /* Handlers.swift in Sources */,
				3E1855C02C78FC42001861B4 /* ResponseGetVoiceSettings.swift in Sources */,
				3E1D91852C791F9F00331448 /* Socket.swift in Sources */,
				3E45C9EA2C7942A3000750ED /* AudioInputController.swift in Sources */,
				3E1D919D2C79225E00331448 /* CommandError.swift in Sources */,
				3E1D916C2C7919E100331448 /* RPCError.swift in Sources */,
				3EAC48582C7A92AF00B03795 /* PreferencesWindowDelegate.swift in Sources */,
				3E1D91692C79160300331448 /* Constants.swift in Sources */,
				3E1D91A32C79384700331448 /* Commands.swift in Sources */,
				3E45C9EF2C7993A5000750ED /* AuthenticationController.swift in Sources */,
				3E2AE76B2C7A2C540003D244 /* EventVoiceConnectionStatus.swift in Sources */,
				3E1D91A92C79387400331448 /* ResponseAuthenticate.swift in Sources */,
				3E1D919A2C79221400331448 /* User.swift in Sources */,
				3E2AE76D2C7A309C0003D244 /* MuteStateHandler.swift in Sources */,
				3E45C9C72C7939AB000750ED /* RequestError.swift in Sources */,
				3E1855C32C78FDE3001861B4 /* Frame.swift in Sources */,
				3E1D91642C7914E000331448 /* RPC.swift in Sources */,
				3E1D91872C7920B300331448 /* EventError.swift in Sources */,
				3E0C13BC2C7BC8E500DED3EF /* NumericTextField.swift in Sources */,
			);
			runOnlyForDeploymentPostprocessing = 0;
		};
/* End PBXSourcesBuildPhase section */

/* Begin PBXVariantGroup section */
		3E8D370C2C799C91008C4EB7 /* Main.storyboard */ = {
			isa = PBXVariantGroup;
			children = (
				3E8D370D2C799C91008C4EB7 /* Base */,
			);
			name = Main.storyboard;
			sourceTree = "<group>";
		};
/* End PBXVariantGroup section */

/* Begin XCBuildConfiguration section */
		3E9ED34F2C78F18C00FB4370 /* Debug */ = {
			isa = XCBuildConfiguration;
			buildSettings = {
				ALWAYS_SEARCH_USER_PATHS = NO;
				ASSETCATALOG_COMPILER_GENERATE_SWIFT_ASSET_SYMBOL_EXTENSIONS = YES;
				CLANG_ANALYZER_NONNULL = YES;
				CLANG_ANALYZER_NUMBER_OBJECT_CONVERSION = YES_AGGRESSIVE;
				CLANG_CXX_LANGUAGE_STANDARD = "gnu++20";
				CLANG_ENABLE_MODULES = YES;
				CLANG_ENABLE_OBJC_ARC = YES;
				CLANG_ENABLE_OBJC_WEAK = YES;
				CLANG_WARN_BLOCK_CAPTURE_AUTORELEASING = YES;
				CLANG_WARN_BOOL_CONVERSION = YES;
				CLANG_WARN_COMMA = YES;
				CLANG_WARN_CONSTANT_CONVERSION = YES;
				CLANG_WARN_DEPRECATED_OBJC_IMPLEMENTATIONS = YES;
				CLANG_WARN_DIRECT_OBJC_ISA_USAGE = YES_ERROR;
				CLANG_WARN_DOCUMENTATION_COMMENTS = YES;
				CLANG_WARN_EMPTY_BODY = YES;
				CLANG_WARN_ENUM_CONVERSION = YES;
				CLANG_WARN_INFINITE_RECURSION = YES;
				CLANG_WARN_INT_CONVERSION = YES;
				CLANG_WARN_NON_LITERAL_NULL_CONVERSION = YES;
				CLANG_WARN_OBJC_IMPLICIT_RETAIN_SELF = YES;
				CLANG_WARN_OBJC_LITERAL_CONVERSION = YES;
				CLANG_WARN_OBJC_ROOT_CLASS = YES_ERROR;
				CLANG_WARN_QUOTED_INCLUDE_IN_FRAMEWORK_HEADER = YES;
				CLANG_WARN_RANGE_LOOP_ANALYSIS = YES;
				CLANG_WARN_STRICT_PROTOTYPES = YES;
				CLANG_WARN_SUSPICIOUS_MOVE = YES;
				CLANG_WARN_UNGUARDED_AVAILABILITY = YES_AGGRESSIVE;
				CLANG_WARN_UNREACHABLE_CODE = YES;
				CLANG_WARN__DUPLICATE_METHOD_MATCH = YES;
				COPY_PHASE_STRIP = NO;
				DEBUG_INFORMATION_FORMAT = dwarf;
				ENABLE_STRICT_OBJC_MSGSEND = YES;
				ENABLE_TESTABILITY = YES;
				ENABLE_USER_SCRIPT_SANDBOXING = YES;
				GCC_C_LANGUAGE_STANDARD = gnu17;
				GCC_DYNAMIC_NO_PIC = NO;
				GCC_NO_COMMON_BLOCKS = YES;
				GCC_OPTIMIZATION_LEVEL = 0;
				GCC_PREPROCESSOR_DEFINITIONS = (
					"DEBUG=1",
					"$(inherited)",
				);
				GCC_WARN_64_TO_32_BIT_CONVERSION = YES;
				GCC_WARN_ABOUT_RETURN_TYPE = YES_ERROR;
				GCC_WARN_UNDECLARED_SELECTOR = YES;
				GCC_WARN_UNINITIALIZED_AUTOS = YES_AGGRESSIVE;
				GCC_WARN_UNUSED_FUNCTION = YES;
				GCC_WARN_UNUSED_VARIABLE = YES;
				LOCALIZATION_PREFERS_STRING_CATALOGS = YES;
				MACOSX_DEPLOYMENT_TARGET = 14.0;
				MTL_ENABLE_DEBUG_INFO = INCLUDE_SOURCE;
				MTL_FAST_MATH = YES;
				ONLY_ACTIVE_ARCH = YES;
				SDKROOT = macosx;
				SWIFT_ACTIVE_COMPILATION_CONDITIONS = "DEBUG $(inherited)";
				SWIFT_OPTIMIZATION_LEVEL = "-Onone";
			};
			name = Debug;
		};
		3E9ED3502C78F18C00FB4370 /* Release */ = {
			isa = XCBuildConfiguration;
			buildSettings = {
				ALWAYS_SEARCH_USER_PATHS = NO;
				ASSETCATALOG_COMPILER_GENERATE_SWIFT_ASSET_SYMBOL_EXTENSIONS = YES;
				CLANG_ANALYZER_NONNULL = YES;
				CLANG_ANALYZER_NUMBER_OBJECT_CONVERSION = YES_AGGRESSIVE;
				CLANG_CXX_LANGUAGE_STANDARD = "gnu++20";
				CLANG_ENABLE_MODULES = YES;
				CLANG_ENABLE_OBJC_ARC = YES;
				CLANG_ENABLE_OBJC_WEAK = YES;
				CLANG_WARN_BLOCK_CAPTURE_AUTORELEASING = YES;
				CLANG_WARN_BOOL_CONVERSION = YES;
				CLANG_WARN_COMMA = YES;
				CLANG_WARN_CONSTANT_CONVERSION = YES;
				CLANG_WARN_DEPRECATED_OBJC_IMPLEMENTATIONS = YES;
				CLANG_WARN_DIRECT_OBJC_ISA_USAGE = YES_ERROR;
				CLANG_WARN_DOCUMENTATION_COMMENTS = YES;
				CLANG_WARN_EMPTY_BODY = YES;
				CLANG_WARN_ENUM_CONVERSION = YES;
				CLANG_WARN_INFINITE_RECURSION = YES;
				CLANG_WARN_INT_CONVERSION = YES;
				CLANG_WARN_NON_LITERAL_NULL_CONVERSION = YES;
				CLANG_WARN_OBJC_IMPLICIT_RETAIN_SELF = YES;
				CLANG_WARN_OBJC_LITERAL_CONVERSION = YES;
				CLANG_WARN_OBJC_ROOT_CLASS = YES_ERROR;
				CLANG_WARN_QUOTED_INCLUDE_IN_FRAMEWORK_HEADER = YES;
				CLANG_WARN_RANGE_LOOP_ANALYSIS = YES;
				CLANG_WARN_STRICT_PROTOTYPES = YES;
				CLANG_WARN_SUSPICIOUS_MOVE = YES;
				CLANG_WARN_UNGUARDED_AVAILABILITY = YES_AGGRESSIVE;
				CLANG_WARN_UNREACHABLE_CODE = YES;
				CLANG_WARN__DUPLICATE_METHOD_MATCH = YES;
				COPY_PHASE_STRIP = NO;
				DEBUG_INFORMATION_FORMAT = "dwarf-with-dsym";
				ENABLE_NS_ASSERTIONS = NO;
				ENABLE_STRICT_OBJC_MSGSEND = YES;
				ENABLE_USER_SCRIPT_SANDBOXING = YES;
				GCC_C_LANGUAGE_STANDARD = gnu17;
				GCC_NO_COMMON_BLOCKS = YES;
				GCC_WARN_64_TO_32_BIT_CONVERSION = YES;
				GCC_WARN_ABOUT_RETURN_TYPE = YES_ERROR;
				GCC_WARN_UNDECLARED_SELECTOR = YES;
				GCC_WARN_UNINITIALIZED_AUTOS = YES_AGGRESSIVE;
				GCC_WARN_UNUSED_FUNCTION = YES;
				GCC_WARN_UNUSED_VARIABLE = YES;
				LOCALIZATION_PREFERS_STRING_CATALOGS = YES;
				MACOSX_DEPLOYMENT_TARGET = 14.0;
				MTL_ENABLE_DEBUG_INFO = NO;
				MTL_FAST_MATH = YES;
				SDKROOT = macosx;
				SWIFT_COMPILATION_MODE = wholemodule;
			};
			name = Release;
		};
		3E9ED3522C78F18C00FB4370 /* Debug */ = {
			isa = XCBuildConfiguration;
			buildSettings = {
				ASSETCATALOG_COMPILER_APPICON_NAME = AppIcon;
				ASSETCATALOG_COMPILER_GLOBAL_ACCENT_COLOR_NAME = AccentColor;
				CODE_SIGN_ENTITLEMENTS = AirMute/AirMute.entitlements;
				CODE_SIGN_STYLE = Automatic;
				COMBINE_HIDPI_IMAGES = YES;
				CURRENT_PROJECT_VERSION = 4;
				DEVELOPMENT_TEAM = 839U72R654;
				ENABLE_HARDENED_RUNTIME = YES;
				GENERATE_INFOPLIST_FILE = YES;
				INFOPLIST_FILE = AirMute/Info.plist;
				INFOPLIST_KEY_LSUIElement = YES;
				INFOPLIST_KEY_NSHumanReadableCopyright = "© 2024 CominAtYou. All Rights Reserved.";
				INFOPLIST_KEY_NSMainStoryboardFile = Main;
				INFOPLIST_KEY_NSPrincipalClass = NSApplication;
				LD_RUNPATH_SEARCH_PATHS = (
					"$(inherited)",
					"@executable_path/../Frameworks",
				);
				MACOSX_DEPLOYMENT_TARGET = 14.0;
				MARKETING_VERSION = 1.0.1;
				PRODUCT_BUNDLE_IDENTIFIER = com.cominatyou.AirMute;
				PRODUCT_NAME = "$(TARGET_NAME)";
				SWIFT_EMIT_LOC_STRINGS = YES;
				SWIFT_VERSION = 5.0;
			};
			name = Debug;
		};
		3E9ED3532C78F18C00FB4370 /* Release */ = {
			isa = XCBuildConfiguration;
			buildSettings = {
				ASSETCATALOG_COMPILER_APPICON_NAME = AppIcon;
				ASSETCATALOG_COMPILER_GLOBAL_ACCENT_COLOR_NAME = AccentColor;
				CODE_SIGN_ENTITLEMENTS = AirMute/AirMute.entitlements;
				CODE_SIGN_STYLE = Automatic;
				COMBINE_HIDPI_IMAGES = YES;
				CURRENT_PROJECT_VERSION = 4;
				DEVELOPMENT_TEAM = 839U72R654;
				ENABLE_HARDENED_RUNTIME = YES;
				GENERATE_INFOPLIST_FILE = YES;
				INFOPLIST_FILE = AirMute/Info.plist;
				INFOPLIST_KEY_LSUIElement = YES;
				INFOPLIST_KEY_NSHumanReadableCopyright = "© 2024 CominAtYou. All Rights Reserved.";
				INFOPLIST_KEY_NSMainStoryboardFile = Main;
				INFOPLIST_KEY_NSPrincipalClass = NSApplication;
				LD_RUNPATH_SEARCH_PATHS = (
					"$(inherited)",
					"@executable_path/../Frameworks",
				);
				MACOSX_DEPLOYMENT_TARGET = 14.0;
				MARKETING_VERSION = 1.0.1;
				PRODUCT_BUNDLE_IDENTIFIER = com.cominatyou.AirMute;
				PRODUCT_NAME = "$(TARGET_NAME)";
				SWIFT_EMIT_LOC_STRINGS = YES;
				SWIFT_VERSION = 5.0;
			};
			name = Release;
		};
/* End XCBuildConfiguration section */

/* Begin XCConfigurationList section */
		3E9ED33D2C78F18B00FB4370 /* Build configuration list for PBXProject "AirMute" */ = {
			isa = XCConfigurationList;
			buildConfigurations = (
				3E9ED34F2C78F18C00FB4370 /* Debug */,
				3E9ED3502C78F18C00FB4370 /* Release */,
			);
			defaultConfigurationIsVisible = 0;
			defaultConfigurationName = Release;
		};
		3E9ED3512C78F18C00FB4370 /* Build configuration list for PBXNativeTarget "AirMute" */ = {
			isa = XCConfigurationList;
			buildConfigurations = (
				3E9ED3522C78F18C00FB4370 /* Debug */,
				3E9ED3532C78F18C00FB4370 /* Release */,
			);
			defaultConfigurationIsVisible = 0;
			defaultConfigurationName = Release;
		};
/* End XCConfigurationList section */

/* Begin XCRemoteSwiftPackageReference section */
		3E1D91652C79150800331448 /* XCRemoteSwiftPackageReference "BlueSocket" */ = {
			isa = XCRemoteSwiftPackageReference;
			repositoryURL = "https://github.com/Kitura/BlueSocket";
			requirement = {
				kind = upToNextMajorVersion;
				minimumVersion = 2.0.4;
			};
		};
/* End XCRemoteSwiftPackageReference section */

/* Begin XCSwiftPackageProductDependency section */
		3E1D91662C79150800331448 /* Socket */ = {
			isa = XCSwiftPackageProductDependency;
			package = 3E1D91652C79150800331448 /* XCRemoteSwiftPackageReference "BlueSocket" */;
			productName = Socket;
		};
/* End XCSwiftPackageProductDependency section */
	};
	rootObject = 3E9ED33A2C78F18B00FB4370 /* Project object */;
}
